// !$*UTF8*$!
{
	archiveVersion = 1;
	classes = {
	};
	objectVersion = 46;
	objects = {

/* Begin PBXBuildFile section */
		180C3E851AE9E6F500A928FD /* StageState.swift in Sources */ = {isa = PBXBuildFile; fileRef = 180C3E841AE9E6F500A928FD /* StageState.swift */; };
		180F87171A7C67D90001CD3C /* IPColorInverter.mm in Sources */ = {isa = PBXBuildFile; fileRef = 180F87161A7C67D90001CD3C /* IPColorInverter.mm */; };
		180F87191A7C6DD30001CD3C /* ImageProcessor.mm in Sources */ = {isa = PBXBuildFile; fileRef = 180F87181A7C6DD30001CD3C /* ImageProcessor.mm */; };
		180F87211A82F7530001CD3C /* ActionSequencer.swift in Sources */ = {isa = PBXBuildFile; fileRef = 180F87201A82F7530001CD3C /* ActionSequencer.swift */; };
		180F87241A82F7700001CD3C /* DeviceAction.swift in Sources */ = {isa = PBXBuildFile; fileRef = 180F87231A82F7700001CD3C /* DeviceAction.swift */; };
		180F872A1A82F7C80001CD3C /* AbstractAction.swift in Sources */ = {isa = PBXBuildFile; fileRef = 180F87291A82F7C80001CD3C /* AbstractAction.swift */; };
		180F87951A858FF20001CD3C /* SequenceAction.swift in Sources */ = {isa = PBXBuildFile; fileRef = 180F87941A858FF20001CD3C /* SequenceAction.swift */; };
		180F879A1A8593C20001CD3C /* StageEnableStepAction.swift in Sources */ = {isa = PBXBuildFile; fileRef = 180F87991A8593C20001CD3C /* StageEnableStepAction.swift */; };
		180F879C1A8C21D90001CD3C /* ImageProcessorAction.swift in Sources */ = {isa = PBXBuildFile; fileRef = 180F879B1A8C21D90001CD3C /* ImageProcessorAction.swift */; };
		180F879F1A8C23740001CD3C /* AsyncImageProcessor.mm in Sources */ = {isa = PBXBuildFile; fileRef = 180F879E1A8C23740001CD3C /* AsyncImageProcessor.mm */; };
		180F87A31A8EE48E0001CD3C /* ActionManager.swift in Sources */ = {isa = PBXBuildFile; fileRef = 180F87A21A8EE48E0001CD3C /* ActionManager.swift */; };
		180F87A51A8EECC70001CD3C /* ActionQueue.swift in Sources */ = {isa = PBXBuildFile; fileRef = 180F87A41A8EECC70001CD3C /* ActionQueue.swift */; };
		1810C2A81AB3C97900197C7E /* HangAction.swift in Sources */ = {isa = PBXBuildFile; fileRef = 1810C2A71AB3C97900197C7E /* HangAction.swift */; };
		181D49051B25091F00D08A93 /* MotorStepCalibratorAction.swift in Sources */ = {isa = PBXBuildFile; fileRef = 181D49041B25091F00D08A93 /* MotorStepCalibratorAction.swift */; };
		181D49081B25098100D08A93 /* IPDisplacement.mm in Sources */ = {isa = PBXBuildFile; fileRef = 181D49071B25098100D08A93 /* IPDisplacement.mm */; };
		182CE8241A8F01B6002162DF /* CameraViewController.swift in Sources */ = {isa = PBXBuildFile; fileRef = 182CE8231A8F01B6002162DF /* CameraViewController.swift */; };
		182CE82A1A96E0CF002162DF /* AsyncImageMultiProcessor.mm in Sources */ = {isa = PBXBuildFile; fileRef = 182CE8291A96E0CF002162DF /* AsyncImageMultiProcessor.mm */; };
		182CE82D1A96E5F7002162DF /* IPAsyncPanTracker.mm in Sources */ = {isa = PBXBuildFile; fileRef = 182CE82C1A96E5F7002162DF /* IPAsyncPanTracker.mm */; };
		183AF31F1AB0CD1C006C9503 /* CameraAutoExposureAction.swift in Sources */ = {isa = PBXBuildFile; fileRef = 183AF31E1AB0CD1C006C9503 /* CameraAutoExposureAction.swift */; };
		183AF3211AB0CD87006C9503 /* CameraManualExposureAction.swift in Sources */ = {isa = PBXBuildFile; fileRef = 183AF3201AB0CD87006C9503 /* CameraManualExposureAction.swift */; };
		183AF3231AB12A4A006C9503 /* CameraExposureBiasAction.swift in Sources */ = {isa = PBXBuildFile; fileRef = 183AF3221AB12A4A006C9503 /* CameraExposureBiasAction.swift */; };
		184C81C71B056D4F0083D926 /* IPIdleFrames.mm in Sources */ = {isa = PBXBuildFile; fileRef = 184C81C61B056D4F0083D926 /* IPIdleFrames.mm */; };
		188074E31A38F43A0039725B /* opencv2.framework in Frameworks */ = {isa = PBXBuildFile; fileRef = 188074E21A38F43A0039725B /* opencv2.framework */; };
		188074E61A38F4A60039725B /* CameraSession.mm in Sources */ = {isa = PBXBuildFile; fileRef = 188074E51A38F4A60039725B /* CameraSession.mm */; };
		188074E81A38F7210039725B /* CoreVideo.framework in Frameworks */ = {isa = PBXBuildFile; fileRef = 188074E71A38F7210039725B /* CoreVideo.framework */; };
		188074EA1A38F72D0039725B /* AssetsLibrary.framework in Frameworks */ = {isa = PBXBuildFile; fileRef = 188074E91A38F72D0039725B /* AssetsLibrary.framework */; };
		188074EC1A38F7350039725B /* CoreMedia.framework in Frameworks */ = {isa = PBXBuildFile; fileRef = 188074EB1A38F7350039725B /* CoreMedia.framework */; };
		18A0721D1A98040D00A93391 /* PhotoAlbum.swift in Sources */ = {isa = PBXBuildFile; fileRef = 18A0721C1A98040D00A93391 /* PhotoAlbum.swift */; };
		18A0721F1A981AEF00A93391 /* CapturePhotoAction.swift in Sources */ = {isa = PBXBuildFile; fileRef = 18A0721E1A981AEF00A93391 /* CapturePhotoAction.swift */; };
		18A072291AA004E100A93391 /* IPImageCapture.mm in Sources */ = {isa = PBXBuildFile; fileRef = 18A072281AA004E100A93391 /* IPImageCapture.mm */; };
		18A0722D1AA0098D00A93391 /* ImageUtils.mm in Sources */ = {isa = PBXBuildFile; fileRef = 18A0722C1AA0098D00A93391 /* ImageUtils.mm */; };
		18A072301AA13E6400A93391 /* IPFocusDetector.mm in Sources */ = {isa = PBXBuildFile; fileRef = 18A0722F1AA13E6400A93391 /* IPFocusDetector.mm */; };
		18A072331AA1404800A93391 /* AutofocuserAction.swift in Sources */ = {isa = PBXBuildFile; fileRef = 18A072321AA1404800A93391 /* AutofocuserAction.swift */; };
		18A5513A1AE878B9001AFC84 /* ActionCycler.swift in Sources */ = {isa = PBXBuildFile; fileRef = 18A551391AE878B9001AFC84 /* ActionCycler.swift */; };
		18D6B8E11ACCAFD4002B1A9E /* libGTLTouchStaticLib.a in Frameworks */ = {isa = PBXBuildFile; fileRef = 18D6B8E01ACCAFD4002B1A9E /* libGTLTouchStaticLib.a */; };
		18D6B8E31ACCAFDC002B1A9E /* Security.framework in Frameworks */ = {isa = PBXBuildFile; fileRef = 18D6B8E21ACCAFDC002B1A9E /* Security.framework */; };
		18D6B8E51ACCAFE3002B1A9E /* SystemConfiguration.framework in Frameworks */ = {isa = PBXBuildFile; fileRef = 18D6B8E41ACCAFE3002B1A9E /* SystemConfiguration.framework */; };
		18D6B8E71ACCB07C002B1A9E /* GTMOAuth2ViewTouch.xib in Resources */ = {isa = PBXBuildFile; fileRef = 18D6B8E61ACCB07C002B1A9E /* GTMOAuth2ViewTouch.xib */; };
		18D6B8EA1ACCB0BC002B1A9E /* GTLDrive_Sources.m in Sources */ = {isa = PBXBuildFile; fileRef = 18D6B8E81ACCB0BC002B1A9E /* GTLDrive_Sources.m */; };
		18D6B8EC1ACCC630002B1A9E /* StageEnableAction.swift in Sources */ = {isa = PBXBuildFile; fileRef = 18D6B8EB1ACCC630002B1A9E /* StageEnableAction.swift */; };
		18D6B8EE1ACCC6DD002B1A9E /* StageDirectionAction.swift in Sources */ = {isa = PBXBuildFile; fileRef = 18D6B8ED1ACCC6DD002B1A9E /* StageDirectionAction.swift */; };
		18D6B8F01ACCCA31002B1A9E /* StageDisableAction.swift in Sources */ = {isa = PBXBuildFile; fileRef = 18D6B8EF1ACCCA31002B1A9E /* StageDisableAction.swift */; };
		18D6B8F21ACCCB0B002B1A9E /* StageConstants.swift in Sources */ = {isa = PBXBuildFile; fileRef = 18D6B8F11ACCCB0B002B1A9E /* StageConstants.swift */; };
		18D6B8F41ACCCC78002B1A9E /* StageStepAction.swift in Sources */ = {isa = PBXBuildFile; fileRef = 18D6B8F31ACCCC78002B1A9E /* StageStepAction.swift */; };
		18D6B8F71ACF65F1002B1A9E /* TextDocument.swift in Sources */ = {isa = PBXBuildFile; fileRef = 18D6B8F61ACF65F1002B1A9E /* TextDocument.swift */; };
		18D6B8FC1AD3537E002B1A9E /* GDriveAdapter.m in Sources */ = {isa = PBXBuildFile; fileRef = 18D6B8FB1AD3537E002B1A9E /* GDriveAdapter.m */; };
		18D6B9021AD36FB6002B1A9E /* GDriveStatusButton.swift in Sources */ = {isa = PBXBuildFile; fileRef = 18D6B9011AD36FB6002B1A9E /* GDriveStatusButton.swift */; };
		18D6B9041ADF2FB0002B1A9E /* GDriveTextDocument.swift in Sources */ = {isa = PBXBuildFile; fileRef = 18D6B9031ADF2FB0002B1A9E /* GDriveTextDocument.swift */; };
		18D6B9061AE08BF1002B1A9E /* ImageDocument.swift in Sources */ = {isa = PBXBuildFile; fileRef = 18D6B9051AE08BF1002B1A9E /* ImageDocument.swift */; };
		18D6B90A1AE08D31002B1A9E /* DocumentDirectory.swift in Sources */ = {isa = PBXBuildFile; fileRef = 18D6B9091AE08D31002B1A9E /* DocumentDirectory.swift */; };
		18D6B90E1AE093CB002B1A9E /* GDriveImageDocument.swift in Sources */ = {isa = PBXBuildFile; fileRef = 18D6B90D1AE093CB002B1A9E /* GDriveImageDocument.swift */; };
		18D6B9101AE094F0002B1A9E /* ImageDocumentSeriesWriter.swift in Sources */ = {isa = PBXBuildFile; fileRef = 18D6B90F1AE094F0002B1A9E /* ImageDocumentSeriesWriter.swift */; };
		18DB4C8F1AA4FA8700165F0F /* ScanFocusAction.swift in Sources */ = {isa = PBXBuildFile; fileRef = 18DB4C8E1AA4FA8700165F0F /* ScanFocusAction.swift */; };
		18DB4C911AA7C67500165F0F /* DebugUtil.swift in Sources */ = {isa = PBXBuildFile; fileRef = 18DB4C901AA7C67500165F0F /* DebugUtil.swift */; };
		18DB4C931AAE670900165F0F /* CameraAutoFocusAction.swift in Sources */ = {isa = PBXBuildFile; fileRef = 18DB4C921AAE670900165F0F /* CameraAutoFocusAction.swift */; };
		18DB4C971AAE7A7600165F0F /* CameraManualFocusAction.swift in Sources */ = {isa = PBXBuildFile; fileRef = 18DB4C961AAE7A7600165F0F /* CameraManualFocusAction.swift */; };
		18DB4C991AAFC24500165F0F /* CameraAutoWhiteBalanceAction.swift in Sources */ = {isa = PBXBuildFile; fileRef = 18DB4C981AAFC24500165F0F /* CameraAutoWhiteBalanceAction.swift */; };
		18DB4C9B1AAFC31400165F0F /* CameraManualWhiteBalanceAction.swift in Sources */ = {isa = PBXBuildFile; fileRef = 18DB4C9A1AAFC31400165F0F /* CameraManualWhiteBalanceAction.swift */; };
		18E1578B1A67507E00DFEFFF /* BLE.m in Sources */ = {isa = PBXBuildFile; fileRef = 18E157891A67507E00DFEFFF /* BLE.m */; };
		18E1578D1A67510900DFEFFF /* DeviceConnector.swift in Sources */ = {isa = PBXBuildFile; fileRef = 18E1578C1A67510900DFEFFF /* DeviceConnector.swift */; };
		18E157971A68A52600DFEFFF /* DeviceTableViewController.swift in Sources */ = {isa = PBXBuildFile; fileRef = 18E157961A68A52600DFEFFF /* DeviceTableViewController.swift */; };
		18E157A11A70290300DFEFFF /* DeviceStatusButton.swift in Sources */ = {isa = PBXBuildFile; fileRef = 18E157A01A70290300DFEFFF /* DeviceStatusButton.swift */; };
		18ED380E1A200B8B005BA3CE /* AppDelegate.swift in Sources */ = {isa = PBXBuildFile; fileRef = 18ED380D1A200B8B005BA3CE /* AppDelegate.swift */; };
		18ED38111A200B8B005BA3CE /* LAMB2.xcdatamodeld in Sources */ = {isa = PBXBuildFile; fileRef = 18ED380F1A200B8B005BA3CE /* LAMB2.xcdatamodeld */; };
		18ED38131A200B8B005BA3CE /* ViewController.swift in Sources */ = {isa = PBXBuildFile; fileRef = 18ED38121A200B8B005BA3CE /* ViewController.swift */; };
		18ED38161A200B8B005BA3CE /* Main.storyboard in Resources */ = {isa = PBXBuildFile; fileRef = 18ED38141A200B8B005BA3CE /* Main.storyboard */; };
		18ED38181A200B8B005BA3CE /* Images.xcassets in Resources */ = {isa = PBXBuildFile; fileRef = 18ED38171A200B8B005BA3CE /* Images.xcassets */; };
		18ED381B1A200B8B005BA3CE /* LaunchScreen.xib in Resources */ = {isa = PBXBuildFile; fileRef = 18ED38191A200B8B005BA3CE /* LaunchScreen.xib */; };
		18ED38271A200B8C005BA3CE /* LAMB2Tests.swift in Sources */ = {isa = PBXBuildFile; fileRef = 18ED38261A200B8C005BA3CE /* LAMB2Tests.swift */; };
/* End PBXBuildFile section */

/* Begin PBXContainerItemProxy section */
		18ED38211A200B8C005BA3CE /* PBXContainerItemProxy */ = {
			isa = PBXContainerItemProxy;
			containerPortal = 18ED38001A200B8B005BA3CE /* Project object */;
			proxyType = 1;
			remoteGlobalIDString = 18ED38071A200B8B005BA3CE;
			remoteInfo = LAMB2;
		};
/* End PBXContainerItemProxy section */

/* Begin PBXFileReference section */
		180C3E841AE9E6F500A928FD /* StageState.swift */ = {isa = PBXFileReference; fileEncoding = 4; lastKnownFileType = sourcecode.swift; path = StageState.swift; sourceTree = "<group>"; };
		180F87141A7C666E0001CD3C /* ImageProcessor.h */ = {isa = PBXFileReference; lastKnownFileType = sourcecode.c.h; path = ImageProcessor.h; sourceTree = "<group>"; };
		180F87151A7C67D90001CD3C /* IPColorInverter.h */ = {isa = PBXFileReference; fileEncoding = 4; lastKnownFileType = sourcecode.c.h; path = IPColorInverter.h; sourceTree = "<group>"; };
		180F87161A7C67D90001CD3C /* IPColorInverter.mm */ = {isa = PBXFileReference; fileEncoding = 4; lastKnownFileType = sourcecode.cpp.objcpp; path = IPColorInverter.mm; sourceTree = "<group>"; };
		180F87181A7C6DD30001CD3C /* ImageProcessor.mm */ = {isa = PBXFileReference; fileEncoding = 4; lastKnownFileType = sourcecode.cpp.objcpp; path = ImageProcessor.mm; sourceTree = "<group>"; };
		180F87201A82F7530001CD3C /* ActionSequencer.swift */ = {isa = PBXFileReference; fileEncoding = 4; lastKnownFileType = sourcecode.swift; path = ActionSequencer.swift; sourceTree = "<group>"; };
		180F87231A82F7700001CD3C /* DeviceAction.swift */ = {isa = PBXFileReference; fileEncoding = 4; lastKnownFileType = sourcecode.swift; path = DeviceAction.swift; sourceTree = "<group>"; };
		180F87291A82F7C80001CD3C /* AbstractAction.swift */ = {isa = PBXFileReference; fileEncoding = 4; lastKnownFileType = sourcecode.swift; path = AbstractAction.swift; sourceTree = "<group>"; };
		180F87941A858FF20001CD3C /* SequenceAction.swift */ = {isa = PBXFileReference; fileEncoding = 4; lastKnownFileType = sourcecode.swift; path = SequenceAction.swift; sourceTree = "<group>"; };
		180F87991A8593C20001CD3C /* StageEnableStepAction.swift */ = {isa = PBXFileReference; fileEncoding = 4; lastKnownFileType = sourcecode.swift; path = StageEnableStepAction.swift; sourceTree = "<group>"; };
		180F879B1A8C21D90001CD3C /* ImageProcessorAction.swift */ = {isa = PBXFileReference; fileEncoding = 4; lastKnownFileType = sourcecode.swift; path = ImageProcessorAction.swift; sourceTree = "<group>"; };
		180F879D1A8C23740001CD3C /* AsyncImageProcessor.h */ = {isa = PBXFileReference; fileEncoding = 4; lastKnownFileType = sourcecode.c.h; path = AsyncImageProcessor.h; sourceTree = "<group>"; };
		180F879E1A8C23740001CD3C /* AsyncImageProcessor.mm */ = {isa = PBXFileReference; fileEncoding = 4; lastKnownFileType = sourcecode.cpp.objcpp; path = AsyncImageProcessor.mm; sourceTree = "<group>"; };
		180F87A21A8EE48E0001CD3C /* ActionManager.swift */ = {isa = PBXFileReference; fileEncoding = 4; lastKnownFileType = sourcecode.swift; path = ActionManager.swift; sourceTree = "<group>"; };
		180F87A41A8EECC70001CD3C /* ActionQueue.swift */ = {isa = PBXFileReference; fileEncoding = 4; lastKnownFileType = sourcecode.swift; path = ActionQueue.swift; sourceTree = "<group>"; };
		1810C2A71AB3C97900197C7E /* HangAction.swift */ = {isa = PBXFileReference; fileEncoding = 4; lastKnownFileType = sourcecode.swift; path = HangAction.swift; sourceTree = "<group>"; };
		181D49041B25091F00D08A93 /* MotorStepCalibratorAction.swift */ = {isa = PBXFileReference; fileEncoding = 4; lastKnownFileType = sourcecode.swift; path = MotorStepCalibratorAction.swift; sourceTree = "<group>"; };
		181D49061B25098100D08A93 /* IPDisplacement.h */ = {isa = PBXFileReference; fileEncoding = 4; lastKnownFileType = sourcecode.c.h; path = IPDisplacement.h; sourceTree = "<group>"; };
		181D49071B25098100D08A93 /* IPDisplacement.mm */ = {isa = PBXFileReference; fileEncoding = 4; lastKnownFileType = sourcecode.cpp.objcpp; path = IPDisplacement.mm; sourceTree = "<group>"; };
		182CE8231A8F01B6002162DF /* CameraViewController.swift */ = {isa = PBXFileReference; fileEncoding = 4; lastKnownFileType = sourcecode.swift; path = CameraViewController.swift; sourceTree = "<group>"; };
		182CE8281A96E0CF002162DF /* AsyncImageMultiProcessor.h */ = {isa = PBXFileReference; fileEncoding = 4; lastKnownFileType = sourcecode.c.h; path = AsyncImageMultiProcessor.h; sourceTree = "<group>"; };
		182CE8291A96E0CF002162DF /* AsyncImageMultiProcessor.mm */ = {isa = PBXFileReference; fileEncoding = 4; lastKnownFileType = sourcecode.cpp.objcpp; path = AsyncImageMultiProcessor.mm; sourceTree = "<group>"; };
		182CE82B1A96E5F7002162DF /* IPAsyncPanTracker.h */ = {isa = PBXFileReference; fileEncoding = 4; lastKnownFileType = sourcecode.c.h; path = IPAsyncPanTracker.h; sourceTree = "<group>"; };
		182CE82C1A96E5F7002162DF /* IPAsyncPanTracker.mm */ = {isa = PBXFileReference; fileEncoding = 4; lastKnownFileType = sourcecode.cpp.objcpp; path = IPAsyncPanTracker.mm; sourceTree = "<group>"; };
		183AF31E1AB0CD1C006C9503 /* CameraAutoExposureAction.swift */ = {isa = PBXFileReference; fileEncoding = 4; lastKnownFileType = sourcecode.swift; path = CameraAutoExposureAction.swift; sourceTree = "<group>"; };
		183AF3201AB0CD87006C9503 /* CameraManualExposureAction.swift */ = {isa = PBXFileReference; fileEncoding = 4; lastKnownFileType = sourcecode.swift; path = CameraManualExposureAction.swift; sourceTree = "<group>"; };
		183AF3221AB12A4A006C9503 /* CameraExposureBiasAction.swift */ = {isa = PBXFileReference; fileEncoding = 4; lastKnownFileType = sourcecode.swift; path = CameraExposureBiasAction.swift; sourceTree = "<group>"; };
		184C81C51B056D4F0083D926 /* IPIdleFrames.h */ = {isa = PBXFileReference; fileEncoding = 4; lastKnownFileType = sourcecode.c.h; path = IPIdleFrames.h; sourceTree = "<group>"; };
		184C81C61B056D4F0083D926 /* IPIdleFrames.mm */ = {isa = PBXFileReference; fileEncoding = 4; lastKnownFileType = sourcecode.cpp.objcpp; path = IPIdleFrames.mm; sourceTree = "<group>"; };
		184D8DFE1A205AC600105FDA /* LAMB2-Bridging-Header.h */ = {isa = PBXFileReference; lastKnownFileType = sourcecode.c.h; path = "LAMB2-Bridging-Header.h"; sourceTree = "<group>"; };
		188074E21A38F43A0039725B /* opencv2.framework */ = {isa = PBXFileReference; lastKnownFileType = wrapper.framework; path = opencv2.framework; sourceTree = "<group>"; };
		188074E41A38F4A60039725B /* CameraSession.h */ = {isa = PBXFileReference; fileEncoding = 4; lastKnownFileType = sourcecode.c.h; path = CameraSession.h; sourceTree = "<group>"; };
		188074E51A38F4A60039725B /* CameraSession.mm */ = {isa = PBXFileReference; fileEncoding = 4; lastKnownFileType = sourcecode.cpp.objcpp; path = CameraSession.mm; sourceTree = "<group>"; };
		188074E71A38F7210039725B /* CoreVideo.framework */ = {isa = PBXFileReference; lastKnownFileType = wrapper.framework; name = CoreVideo.framework; path = System/Library/Frameworks/CoreVideo.framework; sourceTree = SDKROOT; };
		188074E91A38F72D0039725B /* AssetsLibrary.framework */ = {isa = PBXFileReference; lastKnownFileType = wrapper.framework; name = AssetsLibrary.framework; path = System/Library/Frameworks/AssetsLibrary.framework; sourceTree = SDKROOT; };
		188074EB1A38F7350039725B /* CoreMedia.framework */ = {isa = PBXFileReference; lastKnownFileType = wrapper.framework; name = CoreMedia.framework; path = System/Library/Frameworks/CoreMedia.framework; sourceTree = SDKROOT; };
		18A0721C1A98040D00A93391 /* PhotoAlbum.swift */ = {isa = PBXFileReference; fileEncoding = 4; lastKnownFileType = sourcecode.swift; path = PhotoAlbum.swift; sourceTree = "<group>"; };
		18A0721E1A981AEF00A93391 /* CapturePhotoAction.swift */ = {isa = PBXFileReference; fileEncoding = 4; lastKnownFileType = sourcecode.swift; path = CapturePhotoAction.swift; sourceTree = "<group>"; };
		18A072271AA004E100A93391 /* IPImageCapture.h */ = {isa = PBXFileReference; fileEncoding = 4; lastKnownFileType = sourcecode.c.h; path = IPImageCapture.h; sourceTree = "<group>"; };
		18A072281AA004E100A93391 /* IPImageCapture.mm */ = {isa = PBXFileReference; fileEncoding = 4; lastKnownFileType = sourcecode.cpp.objcpp; path = IPImageCapture.mm; sourceTree = "<group>"; };
		18A0722A1AA0086F00A93391 /* LAMB2-Prefix.pch */ = {isa = PBXFileReference; lastKnownFileType = sourcecode.c.h; path = "LAMB2-Prefix.pch"; sourceTree = "<group>"; };
		18A0722B1AA0098D00A93391 /* ImageUtils.h */ = {isa = PBXFileReference; fileEncoding = 4; lastKnownFileType = sourcecode.c.h; path = ImageUtils.h; sourceTree = "<group>"; };
		18A0722C1AA0098D00A93391 /* ImageUtils.mm */ = {isa = PBXFileReference; fileEncoding = 4; lastKnownFileType = sourcecode.cpp.objcpp; path = ImageUtils.mm; sourceTree = "<group>"; };
		18A0722E1AA13E6400A93391 /* IPFocusDetector.h */ = {isa = PBXFileReference; fileEncoding = 4; lastKnownFileType = sourcecode.c.h; path = IPFocusDetector.h; sourceTree = "<group>"; };
		18A0722F1AA13E6400A93391 /* IPFocusDetector.mm */ = {isa = PBXFileReference; fileEncoding = 4; lastKnownFileType = sourcecode.cpp.objcpp; path = IPFocusDetector.mm; sourceTree = "<group>"; };
		18A072321AA1404800A93391 /* AutofocuserAction.swift */ = {isa = PBXFileReference; fileEncoding = 4; lastKnownFileType = sourcecode.swift; path = AutofocuserAction.swift; sourceTree = "<group>"; };
		18A551391AE878B9001AFC84 /* ActionCycler.swift */ = {isa = PBXFileReference; fileEncoding = 4; lastKnownFileType = sourcecode.swift; path = ActionCycler.swift; sourceTree = "<group>"; };
		18D6B8E01ACCAFD4002B1A9E /* libGTLTouchStaticLib.a */ = {isa = PBXFileReference; lastKnownFileType = archive.ar; name = libGTLTouchStaticLib.a; path = "google-api-objectivec-client-read-only/Source/build/Debug-iphoneos/libGTLTouchStaticLib.a"; sourceTree = "<group>"; };
		18D6B8E21ACCAFDC002B1A9E /* Security.framework */ = {isa = PBXFileReference; lastKnownFileType = wrapper.framework; name = Security.framework; path = System/Library/Frameworks/Security.framework; sourceTree = SDKROOT; };
		18D6B8E41ACCAFE3002B1A9E /* SystemConfiguration.framework */ = {isa = PBXFileReference; lastKnownFileType = wrapper.framework; name = SystemConfiguration.framework; path = System/Library/Frameworks/SystemConfiguration.framework; sourceTree = SDKROOT; };
		18D6B8E61ACCB07C002B1A9E /* GTMOAuth2ViewTouch.xib */ = {isa = PBXFileReference; fileEncoding = 4; lastKnownFileType = file.xib; name = GTMOAuth2ViewTouch.xib; path = "google-api-objectivec-client-read-only/Source/OAuth2/Touch/GTMOAuth2ViewTouch.xib"; sourceTree = SOURCE_ROOT; };
		18D6B8E81ACCB0BC002B1A9E /* GTLDrive_Sources.m */ = {isa = PBXFileReference; fileEncoding = 4; lastKnownFileType = sourcecode.c.objc; name = GTLDrive_Sources.m; path = "google-api-objectivec-client-read-only/Source/Services/Drive/Generated/GTLDrive_Sources.m"; sourceTree = "<group>"; };
		18D6B8E91ACCB0BC002B1A9E /* GTLDrive.h */ = {isa = PBXFileReference; fileEncoding = 4; lastKnownFileType = sourcecode.c.h; name = GTLDrive.h; path = "google-api-objectivec-client-read-only/Source/Services/Drive/Generated/GTLDrive.h"; sourceTree = "<group>"; };
		18D6B8EB1ACCC630002B1A9E /* StageEnableAction.swift */ = {isa = PBXFileReference; fileEncoding = 4; lastKnownFileType = sourcecode.swift; path = StageEnableAction.swift; sourceTree = "<group>"; };
		18D6B8ED1ACCC6DD002B1A9E /* StageDirectionAction.swift */ = {isa = PBXFileReference; fileEncoding = 4; lastKnownFileType = sourcecode.swift; path = StageDirectionAction.swift; sourceTree = "<group>"; };
		18D6B8EF1ACCCA31002B1A9E /* StageDisableAction.swift */ = {isa = PBXFileReference; fileEncoding = 4; lastKnownFileType = sourcecode.swift; path = StageDisableAction.swift; sourceTree = "<group>"; };
		18D6B8F11ACCCB0B002B1A9E /* StageConstants.swift */ = {isa = PBXFileReference; fileEncoding = 4; lastKnownFileType = sourcecode.swift; path = StageConstants.swift; sourceTree = "<group>"; };
		18D6B8F31ACCCC78002B1A9E /* StageStepAction.swift */ = {isa = PBXFileReference; fileEncoding = 4; lastKnownFileType = sourcecode.swift; path = StageStepAction.swift; sourceTree = "<group>"; };
		18D6B8F61ACF65F1002B1A9E /* TextDocument.swift */ = {isa = PBXFileReference; fileEncoding = 4; lastKnownFileType = sourcecode.swift; path = TextDocument.swift; sourceTree = "<group>"; };
		18D6B8FA1AD3537E002B1A9E /* GDriveAdapter.h */ = {isa = PBXFileReference; fileEncoding = 4; lastKnownFileType = sourcecode.c.h; path = GDriveAdapter.h; sourceTree = "<group>"; };
		18D6B8FB1AD3537E002B1A9E /* GDriveAdapter.m */ = {isa = PBXFileReference; fileEncoding = 4; lastKnownFileType = sourcecode.c.objc; path = GDriveAdapter.m; sourceTree = "<group>"; };
		18D6B9011AD36FB6002B1A9E /* GDriveStatusButton.swift */ = {isa = PBXFileReference; fileEncoding = 4; lastKnownFileType = sourcecode.swift; path = GDriveStatusButton.swift; sourceTree = "<group>"; };
		18D6B9031ADF2FB0002B1A9E /* GDriveTextDocument.swift */ = {isa = PBXFileReference; fileEncoding = 4; lastKnownFileType = sourcecode.swift; path = GDriveTextDocument.swift; sourceTree = "<group>"; };
		18D6B9051AE08BF1002B1A9E /* ImageDocument.swift */ = {isa = PBXFileReference; fileEncoding = 4; lastKnownFileType = sourcecode.swift; path = ImageDocument.swift; sourceTree = "<group>"; };
		18D6B9091AE08D31002B1A9E /* DocumentDirectory.swift */ = {isa = PBXFileReference; fileEncoding = 4; lastKnownFileType = sourcecode.swift; path = DocumentDirectory.swift; sourceTree = "<group>"; };
		18D6B90D1AE093CB002B1A9E /* GDriveImageDocument.swift */ = {isa = PBXFileReference; fileEncoding = 4; lastKnownFileType = sourcecode.swift; path = GDriveImageDocument.swift; sourceTree = "<group>"; };
		18D6B90F1AE094F0002B1A9E /* ImageDocumentSeriesWriter.swift */ = {isa = PBXFileReference; fileEncoding = 4; lastKnownFileType = sourcecode.swift; path = ImageDocumentSeriesWriter.swift; sourceTree = "<group>"; };
		18DB4C8E1AA4FA8700165F0F /* ScanFocusAction.swift */ = {isa = PBXFileReference; fileEncoding = 4; lastKnownFileType = sourcecode.swift; path = ScanFocusAction.swift; sourceTree = "<group>"; };
		18DB4C901AA7C67500165F0F /* DebugUtil.swift */ = {isa = PBXFileReference; fileEncoding = 4; lastKnownFileType = sourcecode.swift; path = DebugUtil.swift; sourceTree = "<group>"; };
		18DB4C921AAE670900165F0F /* CameraAutoFocusAction.swift */ = {isa = PBXFileReference; fileEncoding = 4; lastKnownFileType = sourcecode.swift; path = CameraAutoFocusAction.swift; sourceTree = "<group>"; };
		18DB4C961AAE7A7600165F0F /* CameraManualFocusAction.swift */ = {isa = PBXFileReference; fileEncoding = 4; lastKnownFileType = sourcecode.swift; path = CameraManualFocusAction.swift; sourceTree = "<group>"; };
		18DB4C981AAFC24500165F0F /* CameraAutoWhiteBalanceAction.swift */ = {isa = PBXFileReference; fileEncoding = 4; lastKnownFileType = sourcecode.swift; path = CameraAutoWhiteBalanceAction.swift; sourceTree = "<group>"; };
		18DB4C9A1AAFC31400165F0F /* CameraManualWhiteBalanceAction.swift */ = {isa = PBXFileReference; fileEncoding = 4; lastKnownFileType = sourcecode.swift; path = CameraManualWhiteBalanceAction.swift; sourceTree = "<group>"; };
		18E157881A67507E00DFEFFF /* BLE.h */ = {isa = PBXFileReference; fileEncoding = 4; lastKnownFileType = sourcecode.c.h; path = BLE.h; sourceTree = "<group>"; };
		18E157891A67507E00DFEFFF /* BLE.m */ = {isa = PBXFileReference; fileEncoding = 4; lastKnownFileType = sourcecode.c.objc; path = BLE.m; sourceTree = "<group>"; };
		18E1578A1A67507E00DFEFFF /* BLEDefines.h */ = {isa = PBXFileReference; fileEncoding = 4; lastKnownFileType = sourcecode.c.h; path = BLEDefines.h; sourceTree = "<group>"; };
		18E1578C1A67510900DFEFFF /* DeviceConnector.swift */ = {isa = PBXFileReference; fileEncoding = 4; lastKnownFileType = sourcecode.swift; path = DeviceConnector.swift; sourceTree = "<group>"; };
		18E157961A68A52600DFEFFF /* DeviceTableViewController.swift */ = {isa = PBXFileReference; fileEncoding = 4; lastKnownFileType = sourcecode.swift; path = DeviceTableViewController.swift; sourceTree = "<group>"; };
		18E157A01A70290300DFEFFF /* DeviceStatusButton.swift */ = {isa = PBXFileReference; fileEncoding = 4; lastKnownFileType = sourcecode.swift; path = DeviceStatusButton.swift; sourceTree = "<group>"; };
		18ED38081A200B8B005BA3CE /* LAMB2.app */ = {isa = PBXFileReference; explicitFileType = wrapper.application; includeInIndex = 0; path = LAMB2.app; sourceTree = BUILT_PRODUCTS_DIR; };
		18ED380C1A200B8B005BA3CE /* Info.plist */ = {isa = PBXFileReference; lastKnownFileType = text.plist.xml; path = Info.plist; sourceTree = "<group>"; };
		18ED380D1A200B8B005BA3CE /* AppDelegate.swift */ = {isa = PBXFileReference; lastKnownFileType = sourcecode.swift; path = AppDelegate.swift; sourceTree = "<group>"; };
		18ED38101A200B8B005BA3CE /* LAMB2.xcdatamodel */ = {isa = PBXFileReference; lastKnownFileType = wrapper.xcdatamodel; path = LAMB2.xcdatamodel; sourceTree = "<group>"; };
		18ED38121A200B8B005BA3CE /* ViewController.swift */ = {isa = PBXFileReference; lastKnownFileType = sourcecode.swift; path = ViewController.swift; sourceTree = "<group>"; };
		18ED38151A200B8B005BA3CE /* Base */ = {isa = PBXFileReference; lastKnownFileType = file.storyboard; name = Base; path = Base.lproj/Main.storyboard; sourceTree = "<group>"; };
		18ED38171A200B8B005BA3CE /* Images.xcassets */ = {isa = PBXFileReference; lastKnownFileType = folder.assetcatalog; path = Images.xcassets; sourceTree = "<group>"; };
		18ED381A1A200B8B005BA3CE /* Base */ = {isa = PBXFileReference; lastKnownFileType = file.xib; name = Base; path = Base.lproj/LaunchScreen.xib; sourceTree = "<group>"; };
		18ED38201A200B8C005BA3CE /* LAMB2Tests.xctest */ = {isa = PBXFileReference; explicitFileType = wrapper.cfbundle; includeInIndex = 0; path = LAMB2Tests.xctest; sourceTree = BUILT_PRODUCTS_DIR; };
		18ED38251A200B8C005BA3CE /* Info.plist */ = {isa = PBXFileReference; lastKnownFileType = text.plist.xml; path = Info.plist; sourceTree = "<group>"; };
		18ED38261A200B8C005BA3CE /* LAMB2Tests.swift */ = {isa = PBXFileReference; lastKnownFileType = sourcecode.swift; path = LAMB2Tests.swift; sourceTree = "<group>"; };
/* End PBXFileReference section */

/* Begin PBXFrameworksBuildPhase section */
		18ED38051A200B8B005BA3CE /* Frameworks */ = {
			isa = PBXFrameworksBuildPhase;
			buildActionMask = 2147483647;
			files = (
				188074EC1A38F7350039725B /* CoreMedia.framework in Frameworks */,
				188074EA1A38F72D0039725B /* AssetsLibrary.framework in Frameworks */,
				188074E81A38F7210039725B /* CoreVideo.framework in Frameworks */,
				188074E31A38F43A0039725B /* opencv2.framework in Frameworks */,
				18D6B8E51ACCAFE3002B1A9E /* SystemConfiguration.framework in Frameworks */,
				18D6B8E31ACCAFDC002B1A9E /* Security.framework in Frameworks */,
				18D6B8E11ACCAFD4002B1A9E /* libGTLTouchStaticLib.a in Frameworks */,
			);
			runOnlyForDeploymentPostprocessing = 0;
		};
		18ED381D1A200B8C005BA3CE /* Frameworks */ = {
			isa = PBXFrameworksBuildPhase;
			buildActionMask = 2147483647;
			files = (
			);
			runOnlyForDeploymentPostprocessing = 0;
		};
/* End PBXFrameworksBuildPhase section */

/* Begin PBXGroup section */
		180F871A1A7C72F50001CD3C /* ImageProcessing */ = {
			isa = PBXGroup;
			children = (
				180F87141A7C666E0001CD3C /* ImageProcessor.h */,
				180F87181A7C6DD30001CD3C /* ImageProcessor.mm */,
				180F879D1A8C23740001CD3C /* AsyncImageProcessor.h */,
				180F879E1A8C23740001CD3C /* AsyncImageProcessor.mm */,
				182CE8281A96E0CF002162DF /* AsyncImageMultiProcessor.h */,
				182CE8291A96E0CF002162DF /* AsyncImageMultiProcessor.mm */,
				180F87151A7C67D90001CD3C /* IPColorInverter.h */,
				180F87161A7C67D90001CD3C /* IPColorInverter.mm */,
				182CE82B1A96E5F7002162DF /* IPAsyncPanTracker.h */,
				182CE82C1A96E5F7002162DF /* IPAsyncPanTracker.mm */,
				18A072271AA004E100A93391 /* IPImageCapture.h */,
				18A072281AA004E100A93391 /* IPImageCapture.mm */,
				184C81C51B056D4F0083D926 /* IPIdleFrames.h */,
				184C81C61B056D4F0083D926 /* IPIdleFrames.mm */,
			);
			name = ImageProcessing;
			sourceTree = "<group>";
		};
		180F871B1A7C730F0001CD3C /* Camera */ = {
			isa = PBXGroup;
			children = (
				188074E41A38F4A60039725B /* CameraSession.h */,
				188074E51A38F4A60039725B /* CameraSession.mm */,
				18A0722B1AA0098D00A93391 /* ImageUtils.h */,
				18A0722C1AA0098D00A93391 /* ImageUtils.mm */,
			);
			name = Camera;
			sourceTree = "<group>";
		};
		180F871C1A7C73340001CD3C /* Device */ = {
			isa = PBXGroup;
			children = (
				18E1578C1A67510900DFEFFF /* DeviceConnector.swift */,
				18E157A01A70290300DFEFFF /* DeviceStatusButton.swift */,
				18E157961A68A52600DFEFFF /* DeviceTableViewController.swift */,
			);
			name = Device;
			sourceTree = "<group>";
		};
		180F87221A82F75B0001CD3C /* Actions */ = {
			isa = PBXGroup;
			children = (
				180F87A21A8EE48E0001CD3C /* ActionManager.swift */,
				18A551391AE878B9001AFC84 /* ActionCycler.swift */,
				180F87A41A8EECC70001CD3C /* ActionQueue.swift */,
				180F87201A82F7530001CD3C /* ActionSequencer.swift */,
				180F87291A82F7C80001CD3C /* AbstractAction.swift */,
				180F87941A858FF20001CD3C /* SequenceAction.swift */,
				1810C2A71AB3C97900197C7E /* HangAction.swift */,
				180F87981A85934B0001CD3C /* Device */,
				18DB4C941AAE679800165F0F /* Camera */,
			);
			name = Actions;
			sourceTree = "<group>";
		};
		180F87981A85934B0001CD3C /* Device */ = {
			isa = PBXGroup;
			children = (
				180F87231A82F7700001CD3C /* DeviceAction.swift */,
				18D6B8EF1ACCCA31002B1A9E /* StageDisableAction.swift */,
				18D6B8ED1ACCC6DD002B1A9E /* StageDirectionAction.swift */,
				18D6B8EB1ACCC630002B1A9E /* StageEnableAction.swift */,
				18D6B8F31ACCCC78002B1A9E /* StageStepAction.swift */,
				180F87991A8593C20001CD3C /* StageEnableStepAction.swift */,
				180C3E841AE9E6F500A928FD /* StageState.swift */,
				18D6B8F11ACCCB0B002B1A9E /* StageConstants.swift */,
			);
			name = Device;
			sourceTree = "<group>";
		};
		181D49031B2508BF00D08A93 /* Calibration */ = {
			isa = PBXGroup;
			children = (
				181D49041B25091F00D08A93 /* MotorStepCalibratorAction.swift */,
				181D49061B25098100D08A93 /* IPDisplacement.h */,
				181D49071B25098100D08A93 /* IPDisplacement.mm */,
			);
			name = Calibration;
			sourceTree = "<group>";
		};
		18A072311AA13E6F00A93391 /* Autofocus */ = {
			isa = PBXGroup;
			children = (
				18A072321AA1404800A93391 /* AutofocuserAction.swift */,
				18DB4C8E1AA4FA8700165F0F /* ScanFocusAction.swift */,
				18A0722E1AA13E6400A93391 /* IPFocusDetector.h */,
				18A0722F1AA13E6400A93391 /* IPFocusDetector.mm */,
			);
			name = Autofocus;
			sourceTree = "<group>";
		};
		18D6B8F51ACF65A7002B1A9E /* IO */ = {
			isa = PBXGroup;
			children = (
				18A0721C1A98040D00A93391 /* PhotoAlbum.swift */,
				18D6B9051AE08BF1002B1A9E /* ImageDocument.swift */,
				18D6B90F1AE094F0002B1A9E /* ImageDocumentSeriesWriter.swift */,
				18D6B9091AE08D31002B1A9E /* DocumentDirectory.swift */,
				18D6B8F61ACF65F1002B1A9E /* TextDocument.swift */,
				18D6B8FD1AD36869002B1A9E /* Google Drive */,
			);
			name = IO;
			sourceTree = "<group>";
		};
		18D6B8FD1AD36869002B1A9E /* Google Drive */ = {
			isa = PBXGroup;
			children = (
				18D6B8FA1AD3537E002B1A9E /* GDriveAdapter.h */,
				18D6B8FB1AD3537E002B1A9E /* GDriveAdapter.m */,
				18D6B9011AD36FB6002B1A9E /* GDriveStatusButton.swift */,
				18D6B90D1AE093CB002B1A9E /* GDriveImageDocument.swift */,
				18D6B9031ADF2FB0002B1A9E /* GDriveTextDocument.swift */,
			);
			name = "Google Drive";
			sourceTree = "<group>";
		};
		18DB4C941AAE679800165F0F /* Camera */ = {
			isa = PBXGroup;
			children = (
				180F879B1A8C21D90001CD3C /* ImageProcessorAction.swift */,
				18A0721E1A981AEF00A93391 /* CapturePhotoAction.swift */,
				18DB4C921AAE670900165F0F /* CameraAutoFocusAction.swift */,
				18DB4C961AAE7A7600165F0F /* CameraManualFocusAction.swift */,
				18DB4C981AAFC24500165F0F /* CameraAutoWhiteBalanceAction.swift */,
				18DB4C9A1AAFC31400165F0F /* CameraManualWhiteBalanceAction.swift */,
				183AF31E1AB0CD1C006C9503 /* CameraAutoExposureAction.swift */,
				183AF3201AB0CD87006C9503 /* CameraManualExposureAction.swift */,
				183AF3221AB12A4A006C9503 /* CameraExposureBiasAction.swift */,
			);
			name = Camera;
			sourceTree = "<group>";
		};
		18E157871A67507E00DFEFFF /* BLE */ = {
			isa = PBXGroup;
			children = (
				18E157881A67507E00DFEFFF /* BLE.h */,
				18E157891A67507E00DFEFFF /* BLE.m */,
				18E1578A1A67507E00DFEFFF /* BLEDefines.h */,
			);
			name = BLE;
			path = LAMB2/BLE;
			sourceTree = "<group>";
		};
		18ED37FF1A200B8B005BA3CE = {
			isa = PBXGroup;
			children = (
				18D6B8E41ACCAFE3002B1A9E /* SystemConfiguration.framework */,
				18D6B8E21ACCAFDC002B1A9E /* Security.framework */,
				18D6B8E01ACCAFD4002B1A9E /* libGTLTouchStaticLib.a */,
				18D6B8E81ACCB0BC002B1A9E /* GTLDrive_Sources.m */,
				18D6B8E91ACCB0BC002B1A9E /* GTLDrive.h */,
				18ED380A1A200B8B005BA3CE /* LAMB2 */,
				18ED38231A200B8C005BA3CE /* LAMB2Tests */,
				18ED38091A200B8B005BA3CE /* Products */,
				18E157871A67507E00DFEFFF /* BLE */,
				188074EB1A38F7350039725B /* CoreMedia.framework */,
				188074E91A38F72D0039725B /* AssetsLibrary.framework */,
				188074E71A38F7210039725B /* CoreVideo.framework */,
				188074E21A38F43A0039725B /* opencv2.framework */,
			);
			sourceTree = "<group>";
		};
		18ED38091A200B8B005BA3CE /* Products */ = {
			isa = PBXGroup;
			children = (
				18ED38081A200B8B005BA3CE /* LAMB2.app */,
				18ED38201A200B8C005BA3CE /* LAMB2Tests.xctest */,
			);
			name = Products;
			sourceTree = "<group>";
		};
		18ED380A1A200B8B005BA3CE /* LAMB2 */ = {
			isa = PBXGroup;
			children = (
				18ED380D1A200B8B005BA3CE /* AppDelegate.swift */,
				18ED38141A200B8B005BA3CE /* Main.storyboard */,
				18ED38171A200B8B005BA3CE /* Images.xcassets */,
				18ED38191A200B8B005BA3CE /* LaunchScreen.xib */,
				18ED380F1A200B8B005BA3CE /* LAMB2.xcdatamodeld */,
				184D8DFE1A205AC600105FDA /* LAMB2-Bridging-Header.h */,
				18ED380B1A200B8B005BA3CE /* Supporting Files */,
				180F871A1A7C72F50001CD3C /* ImageProcessing */,
				180F871B1A7C730F0001CD3C /* Camera */,
				18D6B8F51ACF65A7002B1A9E /* IO */,
				180F871C1A7C73340001CD3C /* Device */,
				180F87221A82F75B0001CD3C /* Actions */,
				18DB4C901AA7C67500165F0F /* DebugUtil.swift */,
				182CE8231A8F01B6002162DF /* CameraViewController.swift */,
				18ED38121A200B8B005BA3CE /* ViewController.swift */,
				181D49031B2508BF00D08A93 /* Calibration */,
				18A072311AA13E6F00A93391 /* Autofocus */,
			);
			path = LAMB2;
			sourceTree = "<group>";
		};
		18ED380B1A200B8B005BA3CE /* Supporting Files */ = {
			isa = PBXGroup;
			children = (
				18D6B8E61ACCB07C002B1A9E /* GTMOAuth2ViewTouch.xib */,
				18ED380C1A200B8B005BA3CE /* Info.plist */,
				18A0722A1AA0086F00A93391 /* LAMB2-Prefix.pch */,
			);
			name = "Supporting Files";
			sourceTree = "<group>";
		};
		18ED38231A200B8C005BA3CE /* LAMB2Tests */ = {
			isa = PBXGroup;
			children = (
				18ED38261A200B8C005BA3CE /* LAMB2Tests.swift */,
				18ED38241A200B8C005BA3CE /* Supporting Files */,
			);
			path = LAMB2Tests;
			sourceTree = "<group>";
		};
		18ED38241A200B8C005BA3CE /* Supporting Files */ = {
			isa = PBXGroup;
			children = (
				18ED38251A200B8C005BA3CE /* Info.plist */,
			);
			name = "Supporting Files";
			sourceTree = "<group>";
		};
/* End PBXGroup section */

/* Begin PBXNativeTarget section */
		18ED38071A200B8B005BA3CE /* LAMB2 */ = {
			isa = PBXNativeTarget;
			buildConfigurationList = 18ED382A1A200B8C005BA3CE /* Build configuration list for PBXNativeTarget "LAMB2" */;
			buildPhases = (
				18ED38041A200B8B005BA3CE /* Sources */,
				18ED38051A200B8B005BA3CE /* Frameworks */,
				18ED38061A200B8B005BA3CE /* Resources */,
			);
			buildRules = (
			);
			dependencies = (
			);
			name = LAMB2;
			productName = LAMB2;
			productReference = 18ED38081A200B8B005BA3CE /* LAMB2.app */;
			productType = "com.apple.product-type.application";
		};
		18ED381F1A200B8C005BA3CE /* LAMB2Tests */ = {
			isa = PBXNativeTarget;
			buildConfigurationList = 18ED382D1A200B8C005BA3CE /* Build configuration list for PBXNativeTarget "LAMB2Tests" */;
			buildPhases = (
				18ED381C1A200B8C005BA3CE /* Sources */,
				18ED381D1A200B8C005BA3CE /* Frameworks */,
				18ED381E1A200B8C005BA3CE /* Resources */,
			);
			buildRules = (
			);
			dependencies = (
				18ED38221A200B8C005BA3CE /* PBXTargetDependency */,
			);
			name = LAMB2Tests;
			productName = LAMB2Tests;
			productReference = 18ED38201A200B8C005BA3CE /* LAMB2Tests.xctest */;
			productType = "com.apple.product-type.bundle.unit-test";
		};
/* End PBXNativeTarget section */

/* Begin PBXProject section */
		18ED38001A200B8B005BA3CE /* Project object */ = {
			isa = PBXProject;
			attributes = {
				LastUpgradeCheck = 0610;
				ORGANIZATIONNAME = Fletchlab;
				TargetAttributes = {
					18ED38071A200B8B005BA3CE = {
						CreatedOnToolsVersion = 6.1;
						DevelopmentTeam = LG6JF35L4Y;
					};
					18ED381F1A200B8C005BA3CE = {
						CreatedOnToolsVersion = 6.1;
						TestTargetID = 18ED38071A200B8B005BA3CE;
					};
				};
			};
			buildConfigurationList = 18ED38031A200B8B005BA3CE /* Build configuration list for PBXProject "LAMB2" */;
			compatibilityVersion = "Xcode 3.2";
			developmentRegion = English;
			hasScannedForEncodings = 0;
			knownRegions = (
				en,
				Base,
			);
			mainGroup = 18ED37FF1A200B8B005BA3CE;
			productRefGroup = 18ED38091A200B8B005BA3CE /* Products */;
			projectDirPath = "";
			projectRoot = "";
			targets = (
				18ED38071A200B8B005BA3CE /* LAMB2 */,
				18ED381F1A200B8C005BA3CE /* LAMB2Tests */,
			);
		};
/* End PBXProject section */

/* Begin PBXResourcesBuildPhase section */
		18ED38061A200B8B005BA3CE /* Resources */ = {
			isa = PBXResourcesBuildPhase;
			buildActionMask = 2147483647;
			files = (
				18D6B8E71ACCB07C002B1A9E /* GTMOAuth2ViewTouch.xib in Resources */,
				18ED38161A200B8B005BA3CE /* Main.storyboard in Resources */,
				18ED381B1A200B8B005BA3CE /* LaunchScreen.xib in Resources */,
				18ED38181A200B8B005BA3CE /* Images.xcassets in Resources */,
			);
			runOnlyForDeploymentPostprocessing = 0;
		};
		18ED381E1A200B8C005BA3CE /* Resources */ = {
			isa = PBXResourcesBuildPhase;
			buildActionMask = 2147483647;
			files = (
			);
			runOnlyForDeploymentPostprocessing = 0;
		};
/* End PBXResourcesBuildPhase section */

/* Begin PBXSourcesBuildPhase section */
		18ED38041A200B8B005BA3CE /* Sources */ = {
			isa = PBXSourcesBuildPhase;
			buildActionMask = 2147483647;
			files = (
				183AF3231AB12A4A006C9503 /* CameraExposureBiasAction.swift in Sources */,
				18D6B8F41ACCCC78002B1A9E /* StageStepAction.swift in Sources */,
				18D6B90A1AE08D31002B1A9E /* DocumentDirectory.swift in Sources */,
				180F87191A7C6DD30001CD3C /* ImageProcessor.mm in Sources */,
				182CE82A1A96E0CF002162DF /* AsyncImageMultiProcessor.mm in Sources */,
				181D49051B25091F00D08A93 /* MotorStepCalibratorAction.swift in Sources */,
				18D6B9021AD36FB6002B1A9E /* GDriveStatusButton.swift in Sources */,
				181D49081B25098100D08A93 /* IPDisplacement.mm in Sources */,
				18DB4C971AAE7A7600165F0F /* CameraManualFocusAction.swift in Sources */,
				183AF31F1AB0CD1C006C9503 /* CameraAutoExposureAction.swift in Sources */,
				18DB4C9B1AAFC31400165F0F /* CameraManualWhiteBalanceAction.swift in Sources */,
				18ED38131A200B8B005BA3CE /* ViewController.swift in Sources */,
				18D6B9061AE08BF1002B1A9E /* ImageDocument.swift in Sources */,
				1810C2A81AB3C97900197C7E /* HangAction.swift in Sources */,
				18E157A11A70290300DFEFFF /* DeviceStatusButton.swift in Sources */,
				182CE8241A8F01B6002162DF /* CameraViewController.swift in Sources */,
				180C3E851AE9E6F500A928FD /* StageState.swift in Sources */,
				18E157971A68A52600DFEFFF /* DeviceTableViewController.swift in Sources */,
				18D6B8F71ACF65F1002B1A9E /* TextDocument.swift in Sources */,
				182CE82D1A96E5F7002162DF /* IPAsyncPanTracker.mm in Sources */,
				18A0722D1AA0098D00A93391 /* ImageUtils.mm in Sources */,
				188074E61A38F4A60039725B /* CameraSession.mm in Sources */,
				18D6B8FC1AD3537E002B1A9E /* GDriveAdapter.m in Sources */,
				18D6B8EA1ACCB0BC002B1A9E /* GTLDrive_Sources.m in Sources */,
				180F87A31A8EE48E0001CD3C /* ActionManager.swift in Sources */,
				18D6B90E1AE093CB002B1A9E /* GDriveImageDocument.swift in Sources */,
				18A072291AA004E100A93391 /* IPImageCapture.mm in Sources */,
				18D6B8F21ACCCB0B002B1A9E /* StageConstants.swift in Sources */,
				18DB4C991AAFC24500165F0F /* CameraAutoWhiteBalanceAction.swift in Sources */,
				18D6B8EE1ACCC6DD002B1A9E /* StageDirectionAction.swift in Sources */,
				183AF3211AB0CD87006C9503 /* CameraManualExposureAction.swift in Sources */,
				18DB4C931AAE670900165F0F /* CameraAutoFocusAction.swift in Sources */,
				18E1578B1A67507E00DFEFFF /* BLE.m in Sources */,
				180F879F1A8C23740001CD3C /* AsyncImageProcessor.mm in Sources */,
				180F879C1A8C21D90001CD3C /* ImageProcessorAction.swift in Sources */,
				18D6B8EC1ACCC630002B1A9E /* StageEnableAction.swift in Sources */,
				18ED38111A200B8B005BA3CE /* LAMB2.xcdatamodeld in Sources */,
				184C81C71B056D4F0083D926 /* IPIdleFrames.mm in Sources */,
				180F87241A82F7700001CD3C /* DeviceAction.swift in Sources */,
				18DB4C8F1AA4FA8700165F0F /* ScanFocusAction.swift in Sources */,
				18A0721F1A981AEF00A93391 /* CapturePhotoAction.swift in Sources */,
				18A072331AA1404800A93391 /* AutofocuserAction.swift in Sources */,
				180F87951A858FF20001CD3C /* SequenceAction.swift in Sources */,
				18ED380E1A200B8B005BA3CE /* AppDelegate.swift in Sources */,
				18D6B8F01ACCCA31002B1A9E /* StageDisableAction.swift in Sources */,
				180F872A1A82F7C80001CD3C /* AbstractAction.swift in Sources */,
				18D6B9041ADF2FB0002B1A9E /* GDriveTextDocument.swift in Sources */,
				180F87A51A8EECC70001CD3C /* ActionQueue.swift in Sources */,
				180F879A1A8593C20001CD3C /* StageEnableStepAction.swift in Sources */,
				18A072301AA13E6400A93391 /* IPFocusDetector.mm in Sources */,
				18D6B9101AE094F0002B1A9E /* ImageDocumentSeriesWriter.swift in Sources */,
				180F87211A82F7530001CD3C /* ActionSequencer.swift in Sources */,
				18DB4C911AA7C67500165F0F /* DebugUtil.swift in Sources */,
				18E1578D1A67510900DFEFFF /* DeviceConnector.swift in Sources */,
				18A5513A1AE878B9001AFC84 /* ActionCycler.swift in Sources */,
				18A0721D1A98040D00A93391 /* PhotoAlbum.swift in Sources */,
				180F87171A7C67D90001CD3C /* IPColorInverter.mm in Sources */,
			);
			runOnlyForDeploymentPostprocessing = 0;
		};
		18ED381C1A200B8C005BA3CE /* Sources */ = {
			isa = PBXSourcesBuildPhase;
			buildActionMask = 2147483647;
			files = (
				18ED38271A200B8C005BA3CE /* LAMB2Tests.swift in Sources */,
			);
			runOnlyForDeploymentPostprocessing = 0;
		};
/* End PBXSourcesBuildPhase section */

/* Begin PBXTargetDependency section */
		18ED38221A200B8C005BA3CE /* PBXTargetDependency */ = {
			isa = PBXTargetDependency;
			target = 18ED38071A200B8B005BA3CE /* LAMB2 */;
			targetProxy = 18ED38211A200B8C005BA3CE /* PBXContainerItemProxy */;
		};
/* End PBXTargetDependency section */

/* Begin PBXVariantGroup section */
		18ED38141A200B8B005BA3CE /* Main.storyboard */ = {
			isa = PBXVariantGroup;
			children = (
				18ED38151A200B8B005BA3CE /* Base */,
			);
			name = Main.storyboard;
			sourceTree = "<group>";
		};
		18ED38191A200B8B005BA3CE /* LaunchScreen.xib */ = {
			isa = PBXVariantGroup;
			children = (
				18ED381A1A200B8B005BA3CE /* Base */,
			);
			name = LaunchScreen.xib;
			sourceTree = "<group>";
		};
/* End PBXVariantGroup section */

/* Begin XCBuildConfiguration section */
		18ED38281A200B8C005BA3CE /* Debug */ = {
			isa = XCBuildConfiguration;
			buildSettings = {
				ALWAYS_SEARCH_USER_PATHS = NO;
				CLANG_CXX_LANGUAGE_STANDARD = "gnu++0x";
				CLANG_CXX_LIBRARY = "libc++";
				CLANG_ENABLE_MODULES = YES;
				CLANG_ENABLE_OBJC_ARC = YES;
				CLANG_WARN_BOOL_CONVERSION = YES;
				CLANG_WARN_CONSTANT_CONVERSION = YES;
				CLANG_WARN_DIRECT_OBJC_ISA_USAGE = YES_ERROR;
				CLANG_WARN_EMPTY_BODY = YES;
				CLANG_WARN_ENUM_CONVERSION = YES;
				CLANG_WARN_INT_CONVERSION = YES;
				CLANG_WARN_OBJC_ROOT_CLASS = YES_ERROR;
				CLANG_WARN_UNREACHABLE_CODE = YES;
				CLANG_WARN__DUPLICATE_METHOD_MATCH = YES;
				"CODE_SIGN_IDENTITY[sdk=iphoneos*]" = "iPhone Developer";
				COPY_PHASE_STRIP = NO;
				DEFINES_MODULE = YES;
				EMBEDDED_CONTENT_CONTAINS_SWIFT = YES;
				ENABLE_STRICT_OBJC_MSGSEND = YES;
				GCC_C_LANGUAGE_STANDARD = gnu99;
				GCC_DYNAMIC_NO_PIC = NO;
				GCC_OPTIMIZATION_LEVEL = 0;
				GCC_PREFIX_HEADER = "LAMB2/LAMB2-Prefix.pch";
				GCC_PREPROCESSOR_DEFINITIONS = (
					"DEBUG=1",
					"$(inherited)",
				);
				GCC_SYMBOLS_PRIVATE_EXTERN = NO;
				GCC_WARN_64_TO_32_BIT_CONVERSION = YES;
				GCC_WARN_ABOUT_RETURN_TYPE = YES_ERROR;
				GCC_WARN_UNDECLARED_SELECTOR = YES;
				GCC_WARN_UNINITIALIZED_AUTOS = YES_AGGRESSIVE;
				GCC_WARN_UNUSED_FUNCTION = YES;
				GCC_WARN_UNUSED_VARIABLE = YES;
				IPHONEOS_DEPLOYMENT_TARGET = 8.1;
				MTL_ENABLE_DEBUG_INFO = YES;
				ONLY_ACTIVE_ARCH = YES;
				SDKROOT = iphoneos;
				SWIFT_OPTIMIZATION_LEVEL = "-Onone";
				TARGETED_DEVICE_FAMILY = 2;
			};
			name = Debug;
		};
		18ED38291A200B8C005BA3CE /* Release */ = {
			isa = XCBuildConfiguration;
			buildSettings = {
				ALWAYS_SEARCH_USER_PATHS = NO;
				CLANG_CXX_LANGUAGE_STANDARD = "gnu++0x";
				CLANG_CXX_LIBRARY = "libc++";
				CLANG_ENABLE_MODULES = YES;
				CLANG_ENABLE_OBJC_ARC = YES;
				CLANG_WARN_BOOL_CONVERSION = YES;
				CLANG_WARN_CONSTANT_CONVERSION = YES;
				CLANG_WARN_DIRECT_OBJC_ISA_USAGE = YES_ERROR;
				CLANG_WARN_EMPTY_BODY = YES;
				CLANG_WARN_ENUM_CONVERSION = YES;
				CLANG_WARN_INT_CONVERSION = YES;
				CLANG_WARN_OBJC_ROOT_CLASS = YES_ERROR;
				CLANG_WARN_UNREACHABLE_CODE = YES;
				CLANG_WARN__DUPLICATE_METHOD_MATCH = YES;
				"CODE_SIGN_IDENTITY[sdk=iphoneos*]" = "iPhone Developer";
				COPY_PHASE_STRIP = YES;
				DEFINES_MODULE = YES;
				EMBEDDED_CONTENT_CONTAINS_SWIFT = YES;
				ENABLE_NS_ASSERTIONS = NO;
				ENABLE_STRICT_OBJC_MSGSEND = YES;
				GCC_C_LANGUAGE_STANDARD = gnu99;
				GCC_PREFIX_HEADER = "LAMB2/LAMB2-Prefix.pch";
				GCC_WARN_64_TO_32_BIT_CONVERSION = YES;
				GCC_WARN_ABOUT_RETURN_TYPE = YES_ERROR;
				GCC_WARN_UNDECLARED_SELECTOR = YES;
				GCC_WARN_UNINITIALIZED_AUTOS = YES_AGGRESSIVE;
				GCC_WARN_UNUSED_FUNCTION = YES;
				GCC_WARN_UNUSED_VARIABLE = YES;
				IPHONEOS_DEPLOYMENT_TARGET = 8.1;
				MTL_ENABLE_DEBUG_INFO = NO;
				SDKROOT = iphoneos;
				TARGETED_DEVICE_FAMILY = 2;
				VALIDATE_PRODUCT = YES;
			};
			name = Release;
		};
		18ED382B1A200B8C005BA3CE /* Debug */ = {
			isa = XCBuildConfiguration;
			buildSettings = {
				ASSETCATALOG_COMPILER_APPICON_NAME = AppIcon;
				CLANG_ENABLE_MODULES = YES;
				CODE_SIGN_IDENTITY = "iPhone Developer";
				"CODE_SIGN_IDENTITY[sdk=iphoneos*]" = "iPhone Developer";
				FRAMEWORK_SEARCH_PATHS = (
					"$(inherited)",
					/Users/fletcherlabmacmini/Downloads,
					"$(PROJECT_DIR)",
				);
				INFOPLIST_FILE = LAMB2/Info.plist;
				IPHONEOS_DEPLOYMENT_TARGET = 7.0;
				LD_RUNPATH_SEARCH_PATHS = "$(inherited) @executable_path/Frameworks";
				LIBRARY_SEARCH_PATHS = (
					"$(inherited)",
					"$(PROJECT_DIR)/google-api-objectivec-client-read-only/Source/build/Debug-iphoneos",
				);
				OTHER_LDFLAGS = (
					"-ObjC",
					"-all_load",
				);
				PRODUCT_NAME = "$(TARGET_NAME)";
				PROVISIONING_PROFILE = "";
				SWIFT_OBJC_BRIDGING_HEADER = "LAMB2/LAMB2-Bridging-Header.h";
				SWIFT_OPTIMIZATION_LEVEL = "-Onone";
				TARGETED_DEVICE_FAMILY = "1,2";
				USER_HEADER_SEARCH_PATHS = "./google-api-objectivec-client-read-only/Source/**";
			};
			name = Debug;
		};
		18ED382C1A200B8C005BA3CE /* Release */ = {
			isa = XCBuildConfiguration;
			buildSettings = {
				ASSETCATALOG_COMPILER_APPICON_NAME = AppIcon;
				CLANG_ENABLE_MODULES = YES;
				CODE_SIGN_IDENTITY = "iPhone Developer";
				"CODE_SIGN_IDENTITY[sdk=iphoneos*]" = "iPhone Developer";
				FRAMEWORK_SEARCH_PATHS = (
					"$(inherited)",
					/Users/fletcherlabmacmini/Downloads,
					"$(PROJECT_DIR)",
				);
				INFOPLIST_FILE = LAMB2/Info.plist;
				IPHONEOS_DEPLOYMENT_TARGET = 7.0;
				LD_RUNPATH_SEARCH_PATHS = "$(inherited) @executable_path/Frameworks";
				LIBRARY_SEARCH_PATHS = (
					"$(inherited)",
					"$(PROJECT_DIR)/google-api-objectivec-client-read-only/Source/build/Debug-iphoneos",
				);
				OTHER_LDFLAGS = (
					"-ObjC",
					"-all_load",
				);
				PRODUCT_NAME = "$(TARGET_NAME)";
				PROVISIONING_PROFILE = "";
				SWIFT_OBJC_BRIDGING_HEADER = "LAMB2/LAMB2-Bridging-Header.h";
				TARGETED_DEVICE_FAMILY = "1,2";
				USER_HEADER_SEARCH_PATHS = "./google-api-objectivec-client-read-only/Source/**";
			};
			name = Release;
		};
		18ED382E1A200B8C005BA3CE /* Debug */ = {
			isa = XCBuildConfiguration;
			buildSettings = {
				BUNDLE_LOADER = "$(TEST_HOST)";
				FRAMEWORK_SEARCH_PATHS = (
					"$(SDKROOT)/Developer/Library/Frameworks",
					"$(inherited)",
				);
				GCC_PREPROCESSOR_DEFINITIONS = (
					"DEBUG=1",
					"$(inherited)",
				);
				INFOPLIST_FILE = LAMB2Tests/Info.plist;
				LD_RUNPATH_SEARCH_PATHS = "$(inherited) @executable_path/Frameworks @loader_path/Frameworks";
				PRODUCT_NAME = "$(TARGET_NAME)";
				TEST_HOST = "$(BUILT_PRODUCTS_DIR)/LAMB2.app/LAMB2";
			};
			name = Debug;
		};
		18ED382F1A200B8C005BA3CE /* Release */ = {
			isa = XCBuildConfiguration;
			buildSettings = {
				BUNDLE_LOADER = "$(TEST_HOST)";
				FRAMEWORK_SEARCH_PATHS = (
					"$(SDKROOT)/Developer/Library/Frameworks",
					"$(inherited)",
				);
				INFOPLIST_FILE = LAMB2Tests/Info.plist;
				LD_RUNPATH_SEARCH_PATHS = "$(inherited) @executable_path/Frameworks @loader_path/Frameworks";
				PRODUCT_NAME = "$(TARGET_NAME)";
				TEST_HOST = "$(BUILT_PRODUCTS_DIR)/LAMB2.app/LAMB2";
			};
			name = Release;
		};
/* End XCBuildConfiguration section */

/* Begin XCConfigurationList section */
		18ED38031A200B8B005BA3CE /* Build configuration list for PBXProject "LAMB2" */ = {
			isa = XCConfigurationList;
			buildConfigurations = (
				18ED38281A200B8C005BA3CE /* Debug */,
				18ED38291A200B8C005BA3CE /* Release */,
			);
			defaultConfigurationIsVisible = 0;
			defaultConfigurationName = Release;
		};
		18ED382A1A200B8C005BA3CE /* Build configuration list for PBXNativeTarget "LAMB2" */ = {
			isa = XCConfigurationList;
			buildConfigurations = (
				18ED382B1A200B8C005BA3CE /* Debug */,
				18ED382C1A200B8C005BA3CE /* Release */,
			);
			defaultConfigurationIsVisible = 0;
			defaultConfigurationName = Release;
		};
		18ED382D1A200B8C005BA3CE /* Build configuration list for PBXNativeTarget "LAMB2Tests" */ = {
			isa = XCConfigurationList;
			buildConfigurations = (
				18ED382E1A200B8C005BA3CE /* Debug */,
				18ED382F1A200B8C005BA3CE /* Release */,
			);
			defaultConfigurationIsVisible = 0;
			defaultConfigurationName = Release;
		};
/* End XCConfigurationList section */

/* Begin XCVersionGroup section */
		18ED380F1A200B8B005BA3CE /* LAMB2.xcdatamodeld */ = {
			isa = XCVersionGroup;
			children = (
				18ED38101A200B8B005BA3CE /* LAMB2.xcdatamodel */,
			);
			currentVersion = 18ED38101A200B8B005BA3CE /* LAMB2.xcdatamodel */;
			path = LAMB2.xcdatamodeld;
			sourceTree = "<group>";
			versionGroupType = wrapper.xcdatamodel;
		};
/* End XCVersionGroup section */
	};
	rootObject = 18ED38001A200B8B005BA3CE /* Project object */;
}
